// !$*UTF8*$!
{
	archiveVersion = 1;
	classes = {
	};
	objectVersion = 77;
	objects = {

/* Begin PBXBuildFile section */
		0571C8E93B0AC3C8A61748C0 /* RootView.swift in Sources */ = {isa = PBXBuildFile; fileRef = 906E96F722FBFC9E28E526F3 /* RootView.swift */; };
		062024066AE2E0158F765884 /* AmortizationScheduleTable.swift in Sources */ = {isa = PBXBuildFile; fileRef = 58E0EFC7F288F0C507A7808F /* AmortizationScheduleTable.swift */; };
		0CE960542B8CD9B7576FE91F /* QuotientFinance in Frameworks */ = {isa = PBXBuildFile; productRef = 90C588F1EAB9E98FE6CF8D65 /* QuotientFinance */; };
		0DF0E7CE87E8E3234206121F /* FilterChip.swift in Sources */ = {isa = PBXBuildFile; fileRef = 97F168CE5ADAE01630A62C44 /* FilterChip.swift */; };
		0E4118EC0EF9990CC499B19F /* IncomeQualInputs.swift in Sources */ = {isa = PBXBuildFile; fileRef = F8AD0BC3BDD8ABAD02CF5D7D /* IncomeQualInputs.swift */; };
		10EDA946A0BE0C6C61E70DE3 /* AmortizationInputsScreen.swift in Sources */ = {isa = PBXBuildFile; fileRef = 21294577B6542C065DE45454 /* AmortizationInputsScreen.swift */; };
		12B251F0DF98735D91CD06A4 /* HairlineDivider.swift in Sources */ = {isa = PBXBuildFile; fileRef = 7600230EF86B01E049D9B9A2 /* HairlineDivider.swift */; };
		14931A0957D625E5DE7E6AB0 /* AuthGate.swift in Sources */ = {isa = PBXBuildFile; fileRef = BE63AF7554AB3115EE357DF7 /* AuthGate.swift */; };
		17CF296F15E8261DA16DA014 /* BalanceOverTimeChart.swift in Sources */ = {isa = PBXBuildFile; fileRef = 31BA9637847BD8C6534C750E /* BalanceOverTimeChart.swift */; };
		1920B2C218E438EDB7836498 /* Card.swift in Sources */ = {isa = PBXBuildFile; fileRef = 860BC6C292C49CFEF58A6ECF /* Card.swift */; };
		1B0DABF95C12733B55FD1537 /* Motion.swift in Sources */ = {isa = PBXBuildFile; fileRef = 371105E1BFEFCBB484FEEA6F /* Motion.swift */; };
		1E2B00EB6830D2F826CBF7CF /* QuotientNarration in Frameworks */ = {isa = PBXBuildFile; productRef = 3AA26F96351EAF95C04CA8AF /* QuotientNarration */; };
		20845D217FC80E35439704CC /* Fields.swift in Sources */ = {isa = PBXBuildFile; fileRef = 4D1338A4AF409B28F384750A /* Fields.swift */; };
		20A2908E10C448E7C05495EE /* AssumptionsDrawer.swift in Sources */ = {isa = PBXBuildFile; fileRef = D0D1F3B75BEEB2A8E1AF4C00 /* AssumptionsDrawer.swift */; };
		232CD024A74D1E6C75737CCB /* SourceSerif4-It.ttf in Resources */ = {isa = PBXBuildFile; fileRef = 34D979C5D7DE4FB6B7BCC812 /* SourceSerif4-It.ttf */; };
		26A2CDDF96788960561661F3 /* QuotientCompliance in Frameworks */ = {isa = PBXBuildFile; productRef = 7838361CA3FDA0B06DBAF0F1 /* QuotientCompliance */; };
		271D935848142EA3F4346183 /* ThemePreview.swift in Sources */ = {isa = PBXBuildFile; fileRef = B6F41CEF19131B852D33AC2C /* ThemePreview.swift */; };
		2AF36786E0E1F3388E79D6C3 /* OnboardingMiniatures.swift in Sources */ = {isa = PBXBuildFile; fileRef = C728ACEFCBFB4C6C8A95F7B7 /* OnboardingMiniatures.swift */; };
		2DF84F1D0C3762652949C70F /* AmortizationViewModel.swift in Sources */ = {isa = PBXBuildFile; fileRef = B74BAF60DA9DC9D1D57F7335 /* AmortizationViewModel.swift */; };
		2E3AD6A0D7A5A8919784EF89 /* MonoNumber.swift in Sources */ = {isa = PBXBuildFile; fileRef = 4B30BD627A6F18B0FEAA7916 /* MonoNumber.swift */; };
		2FD76A05179D53E89586EE6B /* CumulativeSavingsChart.swift in Sources */ = {isa = PBXBuildFile; fileRef = 53977F4FED1CE2F55ED53D59 /* CumulativeSavingsChart.swift */; };
		308FE7B472CF4653DFC3B735 /* Typography.swift in Sources */ = {isa = PBXBuildFile; fileRef = 1F63633A474B6D374D46BAD4 /* Typography.swift */; };
		3A41B4E5CE7B4B39E65BEB86 /* StackedHorizontalBar.swift in Sources */ = {isa = PBXBuildFile; fileRef = F2E629BB721D286991CE4C26 /* StackedHorizontalBar.swift */; };
		3B57B68F0D51416615F742CD /* AmortizationInputs.swift in Sources */ = {isa = PBXBuildFile; fileRef = 1866228FFAF9C7A0CCC95764 /* AmortizationInputs.swift */; };
		3BB7062727D7CB12605ED0AD /* AppleAuth.swift in Sources */ = {isa = PBXBuildFile; fileRef = 002F99B0FE0E436208AF140B /* AppleAuth.swift */; };
		3CA97BE097CFB72AD1DE8982 /* KPITile.swift in Sources */ = {isa = PBXBuildFile; fileRef = D00A91D51212853350CE39F8 /* KPITile.swift */; };
		3CB99BAE66A3141FB73638D7 /* HomeScreen.swift in Sources */ = {isa = PBXBuildFile; fileRef = BE473E21016935AB38F78564 /* HomeScreen.swift */; };
		44C767529EDBC2DC74CCFB27 /* OnboardingStep.swift in Sources */ = {isa = PBXBuildFile; fileRef = 514FAC8A89F4FEEE70FAB0F7 /* OnboardingStep.swift */; };
		45BDCF05270984C4D7995217 /* BorrowerPill.swift in Sources */ = {isa = PBXBuildFile; fileRef = 5B4A4881C0CA2B982907EC15 /* BorrowerPill.swift */; };
		45EDBA4287AC65E86FC29A8D /* QuotientFinance in Frameworks */ = {isa = PBXBuildFile; productRef = F025FA2D597BEFBBC4A3075F /* QuotientFinance */; };
		48171DBA746740E34FF70A26 /* Colors.swift in Sources */ = {isa = PBXBuildFile; fileRef = 48FCE5E97C92AFF164AD551A /* Colors.swift */; };
		4AC1444161A8C85000557B16 /* TCAInputs.swift in Sources */ = {isa = PBXBuildFile; fileRef = A0C1B0601932028F30AD87A8 /* TCAInputs.swift */; };
		4B615F48190205AD03274239 /* AmortizationMoneyFormat.swift in Sources */ = {isa = PBXBuildFile; fileRef = E5DDBB51C5F77BA004F6667E /* AmortizationMoneyFormat.swift */; };
		4BB892923D4BE9EA8D31D80A /* TCAScreen.swift in Sources */ = {isa = PBXBuildFile; fileRef = 54754A91422D9F8CB7C303A8 /* TCAScreen.swift */; };
		52F422CAE906682A21BF0FFA /* Tokens.swift in Sources */ = {isa = PBXBuildFile; fileRef = 5D15C026D3869F6E5AF23D67 /* Tokens.swift */; };
		53748ACC96F0319723126D2D /* SourceSerif4-Regular.ttf in Resources */ = {isa = PBXBuildFile; fileRef = A5FE67D40D155466E0ABAD3A /* SourceSerif4-Regular.ttf */; };
		542E16E580CE378565599400 /* AmortizationViewModelTests.swift in Sources */ = {isa = PBXBuildFile; fileRef = 2B6DDD5E48E86450B2850339 /* AmortizationViewModelTests.swift */; };
		55F7BD17FFB694D9F98D21E7 /* RefinanceScreen.swift in Sources */ = {isa = PBXBuildFile; fileRef = 9970C1F47C6727A6C8329F5F /* RefinanceScreen.swift */; };
		56D2D6A10F52D801FA1F8412 /* FaceIDUnlock.swift in Sources */ = {isa = PBXBuildFile; fileRef = 1A6B19F5A21683FA7823B3A6 /* FaceIDUnlock.swift */; };
		591DF199503D955148834182 /* BorrowerPicker.swift in Sources */ = {isa = PBXBuildFile; fileRef = C09B246AB365C10A2095FE57 /* BorrowerPicker.swift */; };
		5DFCE5E6F9F09B24C683051B /* SourceSerif4-Semibold.ttf in Resources */ = {isa = PBXBuildFile; fileRef = DA26BB84D7078DF9C810A23D /* SourceSerif4-Semibold.ttf */; };
		5F13D0DDB3E187ADD7A9FB25 /* Buttons.swift in Sources */ = {isa = PBXBuildFile; fileRef = D381BCE91A0673E2D3CBDA9E /* Buttons.swift */; };
		6237A4C361C136D408B654F6 /* SettingsScreen.swift in Sources */ = {isa = PBXBuildFile; fileRef = 6EA156A5E1309C690C0411E7 /* SettingsScreen.swift */; };
		6952C5BC08066589F8F650D9 /* AmortizationBreakdownView.swift in Sources */ = {isa = PBXBuildFile; fileRef = A0AC4D80900507619A963EDB /* AmortizationBreakdownView.swift */; };
		6C0915635C4789C21F950B40 /* AmortizationResultsScreen.swift in Sources */ = {isa = PBXBuildFile; fileRef = 7650D9E18E2C67825C8A9156 /* AmortizationResultsScreen.swift */; };
		725FB68BC501AD2B676E3CB3 /* Spacing.swift in Sources */ = {isa = PBXBuildFile; fileRef = B782FB7D6EF280A7AC6FD31A /* Spacing.swift */; };
		756733C2A196FDBAF4B8600D /* HelocInputs.swift in Sources */ = {isa = PBXBuildFile; fileRef = D5F34AF2E2681FFA81B071FC /* HelocInputs.swift */; };
		7BBEF51A3A1704912189BA9A /* SharePreview.swift in Sources */ = {isa = PBXBuildFile; fileRef = 36C1D4825AF59A035A76E125 /* SharePreview.swift */; };
		83CD1FD1421208B14BE47617 /* Assets.xcassets in Resources */ = {isa = PBXBuildFile; fileRef = 24A9A56018B8BBF20141BD86 /* Assets.xcassets */; };
		90AE9500B9AD21CB149A00BE /* OFL.txt in Resources */ = {isa = PBXBuildFile; fileRef = 51FF57F0219E07755F31004E /* OFL.txt */; };
		920C99D50AB49C9D0944D870 /* RefinanceViewModel.swift in Sources */ = {isa = PBXBuildFile; fileRef = A576ECDBA9B7DB4AF05DD3B9 /* RefinanceViewModel.swift */; };
		927E89E061CFE0FC73FB276F /* SegmentedControl.swift in Sources */ = {isa = PBXBuildFile; fileRef = D7BEADBEAC2EA40C63E71FF7 /* SegmentedControl.swift */; };
		92B227E84BA9ADD8AEB52EF0 /* Radius.swift in Sources */ = {isa = PBXBuildFile; fileRef = BBBA2FE384D413626DDAE1D4 /* Radius.swift */; };
		96E42E5B6369FD34312CCAFA /* IncomeQualViewModel.swift in Sources */ = {isa = PBXBuildFile; fileRef = C46A0D36A77F51B65D629E99 /* IncomeQualViewModel.swift */; };
		9B48F5D76ADF246FA93751A6 /* SavedScenariosScreen.swift in Sources */ = {isa = PBXBuildFile; fileRef = 54DDE3329FD65E73CE3193ED /* SavedScenariosScreen.swift */; };
		9FFCC1471DA6DFEE73FE8F04 /* MockRateService.swift in Sources */ = {isa = PBXBuildFile; fileRef = 099A45DD977D77B495AD52F6 /* MockRateService.swift */; };
		A0918268CD8908003B12759A /* PDFPages.swift in Sources */ = {isa = PBXBuildFile; fileRef = 9F99BC61424AA8DF3FF82690 /* PDFPages.swift */; };
		A1E124870E7BD16A19E96E0A /* BottomActionDock.swift in Sources */ = {isa = PBXBuildFile; fileRef = CB19EEDB2AFF2A92A2514534 /* BottomActionDock.swift */; };
		A24D0BB2A052539D1B32309A /* DTIDial.swift in Sources */ = {isa = PBXBuildFile; fileRef = 2290990D9F81FF13366CB427 /* DTIDial.swift */; };
		A294032B30278ED20FBCEA40 /* IncomeQualScreen.swift in Sources */ = {isa = PBXBuildFile; fileRef = C3C304C0B4DAA7358A29ACF4 /* IncomeQualScreen.swift */; };
		A61496293FFEB9D03463EB84 /* PDFBuilder.swift in Sources */ = {isa = PBXBuildFile; fileRef = 9525B7262BA22F4E1FCDF228 /* PDFBuilder.swift */; };
		A7866B3C32456737C81A18A9 /* AmortizationHappyPathTests.swift in Sources */ = {isa = PBXBuildFile; fileRef = 7B6694B1189E3C59A0D72E3C /* AmortizationHappyPathTests.swift */; };
		ADDB0E3731D1521FF71F21A7 /* NarrationDrawer.swift in Sources */ = {isa = PBXBuildFile; fileRef = BE900CFC0A503024B4E41C63 /* NarrationDrawer.swift */; };
		BAB9E144EF28CF3591DF3FF1 /* OnboardingFlow.swift in Sources */ = {isa = PBXBuildFile; fileRef = BF4FD5CDE39ACDD2471254C4 /* OnboardingFlow.swift */; };
		BD7A57941289F8ADBA75D608 /* DataRow.swift in Sources */ = {isa = PBXBuildFile; fileRef = AA4698C088D95213A6366BAE /* DataRow.swift */; };
		C2CD708E04D6D9C221B703AD /* RefinanceInputs.swift in Sources */ = {isa = PBXBuildFile; fileRef = 6AF3BD2AB8937E1F21365207 /* RefinanceInputs.swift */; };
		C36A32A07102C0CEE341F064 /* CalculatorListRow.swift in Sources */ = {isa = PBXBuildFile; fileRef = 316B29CD5F31228A3CA554FC /* CalculatorListRow.swift */; };
		C5146E4005850635BCB0716F /* QuotientPDF in Frameworks */ = {isa = PBXBuildFile; productRef = A1197D36724BA39F7185E2D9 /* QuotientPDF */; };
		C7D935E7A14E6E9567555273 /* SwiftDataModelTests.swift in Sources */ = {isa = PBXBuildFile; fileRef = A42B577CCFC5716938A9603C /* SwiftDataModelTests.swift */; };
		C84F0EA0D8C40CE980C83952 /* Models.swift in Sources */ = {isa = PBXBuildFile; fileRef = E3A9CA1B8E8F599E34F73A31 /* Models.swift */; };
		CD028AF8682D3C98BA8656EB /* CalculatorNewScenarioView.swift in Sources */ = {isa = PBXBuildFile; fileRef = 2B001B321FAB543828487B6D /* CalculatorNewScenarioView.swift */; };
		D95165BA7394D52B7F7340E4 /* DatePill.swift in Sources */ = {isa = PBXBuildFile; fileRef = E25E78DDA261CA8CE65A412D /* DatePill.swift */; };
		DCDFB1F53A2008A8AD147888 /* RootTabBar.swift in Sources */ = {isa = PBXBuildFile; fileRef = 78A2DD798F1884CC41D6E7D3 /* RootTabBar.swift */; };
		E679D387C757372A59304DF6 /* Eyebrow.swift in Sources */ = {isa = PBXBuildFile; fileRef = 892FB7F7D261F926F53F6870 /* Eyebrow.swift */; };
		ED9A0F824482974D1EEEA77D /* HelocScreen.swift in Sources */ = {isa = PBXBuildFile; fileRef = E546EE5E4455799D394A7299 /* HelocScreen.swift */; };
		EE69351F0C50E901FE0D939F /* ScenarioCard.swift in Sources */ = {isa = PBXBuildFile; fileRef = A69DBC7B515E3DF14C85420D /* ScenarioCard.swift */; };
		EEE9807C24BB93E4FC47A272 /* NarrationSheet.swift in Sources */ = {isa = PBXBuildFile; fileRef = 0F740E91156398C886E507D3 /* NarrationSheet.swift */; };
		EFAA088CA11632F5A09EDB6C /* SourceSerif4-SemiboldIt.ttf in Resources */ = {isa = PBXBuildFile; fileRef = C71FF7CDA3FAB8942C679382 /* SourceSerif4-SemiboldIt.ttf */; };
		F2B37C926E6AC64733EE4355 /* OnboardingCopy.swift in Sources */ = {isa = PBXBuildFile; fileRef = 4E217D33EC88DB92CC77AB03 /* OnboardingCopy.swift */; };
		F2C8E753B9341FA9B2FE95FA /* TogglePill.swift in Sources */ = {isa = PBXBuildFile; fileRef = 0880A10EFCCC0FE0CD4EB6D8 /* TogglePill.swift */; };
		F6FA742417C9D80C5C72FBE9 /* ComponentGallery.swift in Sources */ = {isa = PBXBuildFile; fileRef = A19EB3913BF810BA0A9EA1AF /* ComponentGallery.swift */; };
		F9453A1760F6439E60BDEEAF /* QuotientApp.swift in Sources */ = {isa = PBXBuildFile; fileRef = 7452F3C3AE5CE22D1C5D188D /* QuotientApp.swift */; };
		F9FCEC655B802C0A6CC0F7F6 /* RateRibbonCell.swift in Sources */ = {isa = PBXBuildFile; fileRef = 85C5F9CAD331BD9C40D5DC0A /* RateRibbonCell.swift */; };
		FC1CDEE93CF9F23E35101A8E /* SettingsRow.swift in Sources */ = {isa = PBXBuildFile; fileRef = DF8B3E7E27F86F9FE22CCDC0 /* SettingsRow.swift */; };
		FD050D7B9C60B3DACFB37599 /* StressPathsChart.swift in Sources */ = {isa = PBXBuildFile; fileRef = 7F25962FDCE571CDFE241131 /* StressPathsChart.swift */; };
		FD9EA9ACC492F097CD5D7731 /* ComparisonGroupedBars.swift in Sources */ = {isa = PBXBuildFile; fileRef = 66FE485DD2156202FF433AAF /* ComparisonGroupedBars.swift */; };
		FE9011520577F40520911C05 /* AppStorage.swift in Sources */ = {isa = PBXBuildFile; fileRef = D8A910FE79E1FB0706776507 /* AppStorage.swift */; };
/* End PBXBuildFile section */

/* Begin PBXContainerItemProxy section */
		15BBA2CE507292A7F932C808 /* PBXContainerItemProxy */ = {
			isa = PBXContainerItemProxy;
			containerPortal = 97A286E6F87AF726215BC500 /* Project object */;
			proxyType = 1;
			remoteGlobalIDString = 9CDE6DFFF34DDDF7475337E5;
			remoteInfo = Quotient;
		};
		F2F8111FAC0696DF3E46B21C /* PBXContainerItemProxy */ = {
			isa = PBXContainerItemProxy;
			containerPortal = 97A286E6F87AF726215BC500 /* Project object */;
			proxyType = 1;
			remoteGlobalIDString = 9CDE6DFFF34DDDF7475337E5;
			remoteInfo = Quotient;
		};
/* End PBXContainerItemProxy section */

/* Begin PBXFileReference section */
		002F99B0FE0E436208AF140B /* AppleAuth.swift */ = {isa = PBXFileReference; lastKnownFileType = sourcecode.swift; path = AppleAuth.swift; sourceTree = "<group>"; };
		013EB8A3BE22C58B5BACB28C /* QuotientTests.xctest */ = {isa = PBXFileReference; includeInIndex = 0; lastKnownFileType = wrapper.cfbundle; path = QuotientTests.xctest; sourceTree = BUILT_PRODUCTS_DIR; };
		0880A10EFCCC0FE0CD4EB6D8 /* TogglePill.swift */ = {isa = PBXFileReference; lastKnownFileType = sourcecode.swift; path = TogglePill.swift; sourceTree = "<group>"; };
		099A45DD977D77B495AD52F6 /* MockRateService.swift */ = {isa = PBXFileReference; lastKnownFileType = sourcecode.swift; path = MockRateService.swift; sourceTree = "<group>"; };
		0F740E91156398C886E507D3 /* NarrationSheet.swift */ = {isa = PBXFileReference; lastKnownFileType = sourcecode.swift; path = NarrationSheet.swift; sourceTree = "<group>"; };
		1866228FFAF9C7A0CCC95764 /* AmortizationInputs.swift */ = {isa = PBXFileReference; lastKnownFileType = sourcecode.swift; path = AmortizationInputs.swift; sourceTree = "<group>"; };
		1A6B19F5A21683FA7823B3A6 /* FaceIDUnlock.swift */ = {isa = PBXFileReference; lastKnownFileType = sourcecode.swift; path = FaceIDUnlock.swift; sourceTree = "<group>"; };
		1F63633A474B6D374D46BAD4 /* Typography.swift */ = {isa = PBXFileReference; lastKnownFileType = sourcecode.swift; path = Typography.swift; sourceTree = "<group>"; };
		21294577B6542C065DE45454 /* AmortizationInputsScreen.swift */ = {isa = PBXFileReference; lastKnownFileType = sourcecode.swift; path = AmortizationInputsScreen.swift; sourceTree = "<group>"; };
		2290990D9F81FF13366CB427 /* DTIDial.swift */ = {isa = PBXFileReference; lastKnownFileType = sourcecode.swift; path = DTIDial.swift; sourceTree = "<group>"; };
		24A9A56018B8BBF20141BD86 /* Assets.xcassets */ = {isa = PBXFileReference; lastKnownFileType = folder.assetcatalog; path = Assets.xcassets; sourceTree = "<group>"; };
		2B001B321FAB543828487B6D /* CalculatorNewScenarioView.swift */ = {isa = PBXFileReference; lastKnownFileType = sourcecode.swift; path = CalculatorNewScenarioView.swift; sourceTree = "<group>"; };
		2B6DDD5E48E86450B2850339 /* AmortizationViewModelTests.swift */ = {isa = PBXFileReference; lastKnownFileType = sourcecode.swift; path = AmortizationViewModelTests.swift; sourceTree = "<group>"; };
		316B29CD5F31228A3CA554FC /* CalculatorListRow.swift */ = {isa = PBXFileReference; lastKnownFileType = sourcecode.swift; path = CalculatorListRow.swift; sourceTree = "<group>"; };
		31BA9637847BD8C6534C750E /* BalanceOverTimeChart.swift */ = {isa = PBXFileReference; lastKnownFileType = sourcecode.swift; path = BalanceOverTimeChart.swift; sourceTree = "<group>"; };
		34D979C5D7DE4FB6B7BCC812 /* SourceSerif4-It.ttf */ = {isa = PBXFileReference; lastKnownFileType = file; path = "SourceSerif4-It.ttf"; sourceTree = "<group>"; };
		36C1D4825AF59A035A76E125 /* SharePreview.swift */ = {isa = PBXFileReference; lastKnownFileType = sourcecode.swift; path = SharePreview.swift; sourceTree = "<group>"; };
		371105E1BFEFCBB484FEEA6F /* Motion.swift */ = {isa = PBXFileReference; lastKnownFileType = sourcecode.swift; path = Motion.swift; sourceTree = "<group>"; };
		48FCE5E97C92AFF164AD551A /* Colors.swift */ = {isa = PBXFileReference; lastKnownFileType = sourcecode.swift; path = Colors.swift; sourceTree = "<group>"; };
		4B30BD627A6F18B0FEAA7916 /* MonoNumber.swift */ = {isa = PBXFileReference; lastKnownFileType = sourcecode.swift; path = MonoNumber.swift; sourceTree = "<group>"; };
		4D1338A4AF409B28F384750A /* Fields.swift */ = {isa = PBXFileReference; lastKnownFileType = sourcecode.swift; path = Fields.swift; sourceTree = "<group>"; };
		4E217D33EC88DB92CC77AB03 /* OnboardingCopy.swift */ = {isa = PBXFileReference; lastKnownFileType = sourcecode.swift; path = OnboardingCopy.swift; sourceTree = "<group>"; };
		514FAC8A89F4FEEE70FAB0F7 /* OnboardingStep.swift */ = {isa = PBXFileReference; lastKnownFileType = sourcecode.swift; path = OnboardingStep.swift; sourceTree = "<group>"; };
		51FF57F0219E07755F31004E /* OFL.txt */ = {isa = PBXFileReference; lastKnownFileType = text; path = OFL.txt; sourceTree = "<group>"; };
		53977F4FED1CE2F55ED53D59 /* CumulativeSavingsChart.swift */ = {isa = PBXFileReference; lastKnownFileType = sourcecode.swift; path = CumulativeSavingsChart.swift; sourceTree = "<group>"; };
		54754A91422D9F8CB7C303A8 /* TCAScreen.swift */ = {isa = PBXFileReference; lastKnownFileType = sourcecode.swift; path = TCAScreen.swift; sourceTree = "<group>"; };
		54DDE3329FD65E73CE3193ED /* SavedScenariosScreen.swift */ = {isa = PBXFileReference; lastKnownFileType = sourcecode.swift; path = SavedScenariosScreen.swift; sourceTree = "<group>"; };
		58E0EFC7F288F0C507A7808F /* AmortizationScheduleTable.swift */ = {isa = PBXFileReference; lastKnownFileType = sourcecode.swift; path = AmortizationScheduleTable.swift; sourceTree = "<group>"; };
		5B4A4881C0CA2B982907EC15 /* BorrowerPill.swift */ = {isa = PBXFileReference; lastKnownFileType = sourcecode.swift; path = BorrowerPill.swift; sourceTree = "<group>"; };
		5D15C026D3869F6E5AF23D67 /* Tokens.swift */ = {isa = PBXFileReference; lastKnownFileType = sourcecode.swift; path = Tokens.swift; sourceTree = "<group>"; };
		64737CBA7DC296452DB91B72 /* QuotientNarration */ = {isa = PBXFileReference; lastKnownFileType = folder; name = QuotientNarration; path = Packages/QuotientNarration; sourceTree = SOURCE_ROOT; };
		66FE485DD2156202FF433AAF /* ComparisonGroupedBars.swift */ = {isa = PBXFileReference; lastKnownFileType = sourcecode.swift; path = ComparisonGroupedBars.swift; sourceTree = "<group>"; };
		6AF3BD2AB8937E1F21365207 /* RefinanceInputs.swift */ = {isa = PBXFileReference; lastKnownFileType = sourcecode.swift; path = RefinanceInputs.swift; sourceTree = "<group>"; };
		6EA156A5E1309C690C0411E7 /* SettingsScreen.swift */ = {isa = PBXFileReference; lastKnownFileType = sourcecode.swift; path = SettingsScreen.swift; sourceTree = "<group>"; };
		73FE59199088C97B71A9B20D /* QuotientUITests.xctest */ = {isa = PBXFileReference; includeInIndex = 0; lastKnownFileType = wrapper.cfbundle; path = QuotientUITests.xctest; sourceTree = BUILT_PRODUCTS_DIR; };
		7452F3C3AE5CE22D1C5D188D /* QuotientApp.swift */ = {isa = PBXFileReference; lastKnownFileType = sourcecode.swift; path = QuotientApp.swift; sourceTree = "<group>"; };
		7600230EF86B01E049D9B9A2 /* HairlineDivider.swift */ = {isa = PBXFileReference; lastKnownFileType = sourcecode.swift; path = HairlineDivider.swift; sourceTree = "<group>"; };
		7650D9E18E2C67825C8A9156 /* AmortizationResultsScreen.swift */ = {isa = PBXFileReference; lastKnownFileType = sourcecode.swift; path = AmortizationResultsScreen.swift; sourceTree = "<group>"; };
		78A2DD798F1884CC41D6E7D3 /* RootTabBar.swift */ = {isa = PBXFileReference; lastKnownFileType = sourcecode.swift; path = RootTabBar.swift; sourceTree = "<group>"; };
		7B6694B1189E3C59A0D72E3C /* AmortizationHappyPathTests.swift */ = {isa = PBXFileReference; lastKnownFileType = sourcecode.swift; path = AmortizationHappyPathTests.swift; sourceTree = "<group>"; };
		7F25962FDCE571CDFE241131 /* StressPathsChart.swift */ = {isa = PBXFileReference; lastKnownFileType = sourcecode.swift; path = StressPathsChart.swift; sourceTree = "<group>"; };
		85C5F9CAD331BD9C40D5DC0A /* RateRibbonCell.swift */ = {isa = PBXFileReference; lastKnownFileType = sourcecode.swift; path = RateRibbonCell.swift; sourceTree = "<group>"; };
		860BC6C292C49CFEF58A6ECF /* Card.swift */ = {isa = PBXFileReference; lastKnownFileType = sourcecode.swift; path = Card.swift; sourceTree = "<group>"; };
		88C2E96E5E0327331EA08EAE /* QuotientPDF */ = {isa = PBXFileReference; lastKnownFileType = folder; name = QuotientPDF; path = Packages/QuotientPDF; sourceTree = SOURCE_ROOT; };
		892FB7F7D261F926F53F6870 /* Eyebrow.swift */ = {isa = PBXFileReference; lastKnownFileType = sourcecode.swift; path = Eyebrow.swift; sourceTree = "<group>"; };
		906E96F722FBFC9E28E526F3 /* RootView.swift */ = {isa = PBXFileReference; lastKnownFileType = sourcecode.swift; path = RootView.swift; sourceTree = "<group>"; };
		9525B7262BA22F4E1FCDF228 /* PDFBuilder.swift */ = {isa = PBXFileReference; lastKnownFileType = sourcecode.swift; path = PDFBuilder.swift; sourceTree = "<group>"; };
		97F168CE5ADAE01630A62C44 /* FilterChip.swift */ = {isa = PBXFileReference; lastKnownFileType = sourcecode.swift; path = FilterChip.swift; sourceTree = "<group>"; };
		9970C1F47C6727A6C8329F5F /* RefinanceScreen.swift */ = {isa = PBXFileReference; lastKnownFileType = sourcecode.swift; path = RefinanceScreen.swift; sourceTree = "<group>"; };
		9F99BC61424AA8DF3FF82690 /* PDFPages.swift */ = {isa = PBXFileReference; lastKnownFileType = sourcecode.swift; path = PDFPages.swift; sourceTree = "<group>"; };
		A0AC4D80900507619A963EDB /* AmortizationBreakdownView.swift */ = {isa = PBXFileReference; lastKnownFileType = sourcecode.swift; path = AmortizationBreakdownView.swift; sourceTree = "<group>"; };
		A0C1B0601932028F30AD87A8 /* TCAInputs.swift */ = {isa = PBXFileReference; lastKnownFileType = sourcecode.swift; path = TCAInputs.swift; sourceTree = "<group>"; };
		A19EB3913BF810BA0A9EA1AF /* ComponentGallery.swift */ = {isa = PBXFileReference; lastKnownFileType = sourcecode.swift; path = ComponentGallery.swift; sourceTree = "<group>"; };
		A42B577CCFC5716938A9603C /* SwiftDataModelTests.swift */ = {isa = PBXFileReference; lastKnownFileType = sourcecode.swift; path = SwiftDataModelTests.swift; sourceTree = "<group>"; };
		A576ECDBA9B7DB4AF05DD3B9 /* RefinanceViewModel.swift */ = {isa = PBXFileReference; lastKnownFileType = sourcecode.swift; path = RefinanceViewModel.swift; sourceTree = "<group>"; };
		A5FE67D40D155466E0ABAD3A /* SourceSerif4-Regular.ttf */ = {isa = PBXFileReference; lastKnownFileType = file; path = "SourceSerif4-Regular.ttf"; sourceTree = "<group>"; };
		A69DBC7B515E3DF14C85420D /* ScenarioCard.swift */ = {isa = PBXFileReference; lastKnownFileType = sourcecode.swift; path = ScenarioCard.swift; sourceTree = "<group>"; };
		AA4698C088D95213A6366BAE /* DataRow.swift */ = {isa = PBXFileReference; lastKnownFileType = sourcecode.swift; path = DataRow.swift; sourceTree = "<group>"; };
		B6F41CEF19131B852D33AC2C /* ThemePreview.swift */ = {isa = PBXFileReference; lastKnownFileType = sourcecode.swift; path = ThemePreview.swift; sourceTree = "<group>"; };
		B74BAF60DA9DC9D1D57F7335 /* AmortizationViewModel.swift */ = {isa = PBXFileReference; lastKnownFileType = sourcecode.swift; path = AmortizationViewModel.swift; sourceTree = "<group>"; };
		B782FB7D6EF280A7AC6FD31A /* Spacing.swift */ = {isa = PBXFileReference; lastKnownFileType = sourcecode.swift; path = Spacing.swift; sourceTree = "<group>"; };
		BBBA2FE384D413626DDAE1D4 /* Radius.swift */ = {isa = PBXFileReference; lastKnownFileType = sourcecode.swift; path = Radius.swift; sourceTree = "<group>"; };
		BE473E21016935AB38F78564 /* HomeScreen.swift */ = {isa = PBXFileReference; lastKnownFileType = sourcecode.swift; path = HomeScreen.swift; sourceTree = "<group>"; };
		BE63AF7554AB3115EE357DF7 /* AuthGate.swift */ = {isa = PBXFileReference; lastKnownFileType = sourcecode.swift; path = AuthGate.swift; sourceTree = "<group>"; };
		BE900CFC0A503024B4E41C63 /* NarrationDrawer.swift */ = {isa = PBXFileReference; lastKnownFileType = sourcecode.swift; path = NarrationDrawer.swift; sourceTree = "<group>"; };
		BF4FD5CDE39ACDD2471254C4 /* OnboardingFlow.swift */ = {isa = PBXFileReference; lastKnownFileType = sourcecode.swift; path = OnboardingFlow.swift; sourceTree = "<group>"; };
		C09B246AB365C10A2095FE57 /* BorrowerPicker.swift */ = {isa = PBXFileReference; lastKnownFileType = sourcecode.swift; path = BorrowerPicker.swift; sourceTree = "<group>"; };
		C0F7DDBBB3410FF824B33EF4 /* Info.plist */ = {isa = PBXFileReference; lastKnownFileType = text.plist; path = Info.plist; sourceTree = "<group>"; };
		C3C304C0B4DAA7358A29ACF4 /* IncomeQualScreen.swift */ = {isa = PBXFileReference; lastKnownFileType = sourcecode.swift; path = IncomeQualScreen.swift; sourceTree = "<group>"; };
		C46A0D36A77F51B65D629E99 /* IncomeQualViewModel.swift */ = {isa = PBXFileReference; lastKnownFileType = sourcecode.swift; path = IncomeQualViewModel.swift; sourceTree = "<group>"; };
		C71FF7CDA3FAB8942C679382 /* SourceSerif4-SemiboldIt.ttf */ = {isa = PBXFileReference; lastKnownFileType = file; path = "SourceSerif4-SemiboldIt.ttf"; sourceTree = "<group>"; };
		C728ACEFCBFB4C6C8A95F7B7 /* OnboardingMiniatures.swift */ = {isa = PBXFileReference; lastKnownFileType = sourcecode.swift; path = OnboardingMiniatures.swift; sourceTree = "<group>"; };
		CB19EEDB2AFF2A92A2514534 /* BottomActionDock.swift */ = {isa = PBXFileReference; lastKnownFileType = sourcecode.swift; path = BottomActionDock.swift; sourceTree = "<group>"; };
		D00A91D51212853350CE39F8 /* KPITile.swift */ = {isa = PBXFileReference; lastKnownFileType = sourcecode.swift; path = KPITile.swift; sourceTree = "<group>"; };
		D0D1F3B75BEEB2A8E1AF4C00 /* AssumptionsDrawer.swift */ = {isa = PBXFileReference; lastKnownFileType = sourcecode.swift; path = AssumptionsDrawer.swift; sourceTree = "<group>"; };
		D381BCE91A0673E2D3CBDA9E /* Buttons.swift */ = {isa = PBXFileReference; lastKnownFileType = sourcecode.swift; path = Buttons.swift; sourceTree = "<group>"; };
		D5F34AF2E2681FFA81B071FC /* HelocInputs.swift */ = {isa = PBXFileReference; lastKnownFileType = sourcecode.swift; path = HelocInputs.swift; sourceTree = "<group>"; };
		D7BEADBEAC2EA40C63E71FF7 /* SegmentedControl.swift */ = {isa = PBXFileReference; lastKnownFileType = sourcecode.swift; path = SegmentedControl.swift; sourceTree = "<group>"; };
		D89633E5BC5BB72C10F311C0 /* QuotientCompliance */ = {isa = PBXFileReference; lastKnownFileType = folder; name = QuotientCompliance; path = Packages/QuotientCompliance; sourceTree = SOURCE_ROOT; };
		D8A910FE79E1FB0706776507 /* AppStorage.swift */ = {isa = PBXFileReference; lastKnownFileType = sourcecode.swift; path = AppStorage.swift; sourceTree = "<group>"; };
		DA26BB84D7078DF9C810A23D /* SourceSerif4-Semibold.ttf */ = {isa = PBXFileReference; lastKnownFileType = file; path = "SourceSerif4-Semibold.ttf"; sourceTree = "<group>"; };
		DF8B3E7E27F86F9FE22CCDC0 /* SettingsRow.swift */ = {isa = PBXFileReference; lastKnownFileType = sourcecode.swift; path = SettingsRow.swift; sourceTree = "<group>"; };
		E0A55061CEFCACE582B54F89 /* QuotientFinance */ = {isa = PBXFileReference; lastKnownFileType = folder; name = QuotientFinance; path = Packages/QuotientFinance; sourceTree = SOURCE_ROOT; };
		E25E78DDA261CA8CE65A412D /* DatePill.swift */ = {isa = PBXFileReference; lastKnownFileType = sourcecode.swift; path = DatePill.swift; sourceTree = "<group>"; };
		E3A9CA1B8E8F599E34F73A31 /* Models.swift */ = {isa = PBXFileReference; lastKnownFileType = sourcecode.swift; path = Models.swift; sourceTree = "<group>"; };
		E546EE5E4455799D394A7299 /* HelocScreen.swift */ = {isa = PBXFileReference; lastKnownFileType = sourcecode.swift; path = HelocScreen.swift; sourceTree = "<group>"; };
		E5DDBB51C5F77BA004F6667E /* AmortizationMoneyFormat.swift */ = {isa = PBXFileReference; lastKnownFileType = sourcecode.swift; path = AmortizationMoneyFormat.swift; sourceTree = "<group>"; };
		E9494E196F0A2E455640AF19 /* Quotient.app */ = {isa = PBXFileReference; includeInIndex = 0; lastKnownFileType = wrapper.application; path = Quotient.app; sourceTree = BUILT_PRODUCTS_DIR; };
		F2E629BB721D286991CE4C26 /* StackedHorizontalBar.swift */ = {isa = PBXFileReference; lastKnownFileType = sourcecode.swift; path = StackedHorizontalBar.swift; sourceTree = "<group>"; };
		F8AD0BC3BDD8ABAD02CF5D7D /* IncomeQualInputs.swift */ = {isa = PBXFileReference; lastKnownFileType = sourcecode.swift; path = IncomeQualInputs.swift; sourceTree = "<group>"; };
/* End PBXFileReference section */

/* Begin PBXFrameworksBuildPhase section */
		72C24CA41DFABA1A29AB1B86 /* Frameworks */ = {
			isa = PBXFrameworksBuildPhase;
			buildActionMask = 2147483647;
			files = (
				45EDBA4287AC65E86FC29A8D /* QuotientFinance in Frameworks */,
				26A2CDDF96788960561661F3 /* QuotientCompliance in Frameworks */,
				C5146E4005850635BCB0716F /* QuotientPDF in Frameworks */,
				1E2B00EB6830D2F826CBF7CF /* QuotientNarration in Frameworks */,
			);
			runOnlyForDeploymentPostprocessing = 0;
		};
		A4426675A528207A32FE57C6 /* Frameworks */ = {
			isa = PBXFrameworksBuildPhase;
			buildActionMask = 2147483647;
			files = (
				0CE960542B8CD9B7576FE91F /* QuotientFinance in Frameworks */,
			);
			runOnlyForDeploymentPostprocessing = 0;
		};
/* End PBXFrameworksBuildPhase section */

/* Begin PBXGroup section */
		0E3B1116124B79C39B6347E8 /* Charts */ = {
			isa = PBXGroup;
			children = (
				31BA9637847BD8C6534C750E /* BalanceOverTimeChart.swift */,
				66FE485DD2156202FF433AAF /* ComparisonGroupedBars.swift */,
				53977F4FED1CE2F55ED53D59 /* CumulativeSavingsChart.swift */,
				7F25962FDCE571CDFE241131 /* StressPathsChart.swift */,
			);
			path = Charts;
			sourceTree = "<group>";
		};
		15E476E4C61A301BB5E2BF54 /* Resources */ = {
			isa = PBXGroup;
			children = (
				24A9A56018B8BBF20141BD86 /* Assets.xcassets */,
				B3662AB70ECB84AF00404B0D /* Fonts */,
			);
			path = Resources;
			sourceTree = "<group>";
		};
		29BFD3A57E1CA1FCEA04EE6F /* Packages */ = {
			isa = PBXGroup;
			children = (
				D89633E5BC5BB72C10F311C0 /* QuotientCompliance */,
				E0A55061CEFCACE582B54F89 /* QuotientFinance */,
				64737CBA7DC296452DB91B72 /* QuotientNarration */,
				88C2E96E5E0327331EA08EAE /* QuotientPDF */,
			);
			path = Packages;
			sourceTree = "<group>";
		};
		30653BB0EF2CE884BF810AE8 /* Onboarding */ = {
			isa = PBXGroup;
			children = (
				4E217D33EC88DB92CC77AB03 /* OnboardingCopy.swift */,
				BF4FD5CDE39ACDD2471254C4 /* OnboardingFlow.swift */,
				C728ACEFCBFB4C6C8A95F7B7 /* OnboardingMiniatures.swift */,
			);
			path = Onboarding;
			sourceTree = "<group>";
		};
		322F93BCB9812CC38B8C8E2B /* Services */ = {
			isa = PBXGroup;
			children = (
				002F99B0FE0E436208AF140B /* AppleAuth.swift */,
				1A6B19F5A21683FA7823B3A6 /* FaceIDUnlock.swift */,
				099A45DD977D77B495AD52F6 /* MockRateService.swift */,
			);
			path = Services;
			sourceTree = "<group>";
		};
		3AE445CC4774944DABF437F7 /* AppTests */ = {
			isa = PBXGroup;
			children = (
				2B6DDD5E48E86450B2850339 /* AmortizationViewModelTests.swift */,
				A42B577CCFC5716938A9603C /* SwiftDataModelTests.swift */,
			);
			path = AppTests;
			sourceTree = "<group>";
		};
		4065CD1371E8AF3323146F68 /* Amortization */ = {
			isa = PBXGroup;
			children = (
				A0AC4D80900507619A963EDB /* AmortizationBreakdownView.swift */,
				1866228FFAF9C7A0CCC95764 /* AmortizationInputs.swift */,
				21294577B6542C065DE45454 /* AmortizationInputsScreen.swift */,
				E5DDBB51C5F77BA004F6667E /* AmortizationMoneyFormat.swift */,
				7650D9E18E2C67825C8A9156 /* AmortizationResultsScreen.swift */,
				B74BAF60DA9DC9D1D57F7335 /* AmortizationViewModel.swift */,
			);
			path = Amortization;
			sourceTree = "<group>";
		};
		4B878BB5890B1093A8DC494D /* IncomeQualification */ = {
			isa = PBXGroup;
			children = (
				F8AD0BC3BDD8ABAD02CF5D7D /* IncomeQualInputs.swift */,
				C3C304C0B4DAA7358A29ACF4 /* IncomeQualScreen.swift */,
				C46A0D36A77F51B65D629E99 /* IncomeQualViewModel.swift */,
			);
			path = IncomeQualification;
			sourceTree = "<group>";
		};
		4CC582184B97A560742AD51A /* Features */ = {
			isa = PBXGroup;
			children = (
				A59B14F7E3800C137FC7DAF9 /* BorrowerPicker */,
				F8C9200BA4F11D807230E9A5 /* Calculators */,
				AA3FCE29D302172CBDBDDC2A /* Home */,
				50672098382C43C3851CEC8B /* Narration */,
				30653BB0EF2CE884BF810AE8 /* Onboarding */,
				A1311F5F80C7B50C24DE8F3D /* SavedScenarios */,
				E14F22006A436DA7A06470A0 /* Settings */,
				67FCE0DF1D1E5450E9D28D0F /* Share */,
			);
			path = Features;
			sourceTree = "<group>";
		};
		50672098382C43C3851CEC8B /* Narration */ = {
			isa = PBXGroup;
			children = (
				0F740E91156398C886E507D3 /* NarrationSheet.swift */,
			);
			path = Narration;
			sourceTree = "<group>";
		};
		5BD32BF0DEDA4E48B99AF36D /* Root */ = {
			isa = PBXGroup;
			children = (
				BE63AF7554AB3115EE357DF7 /* AuthGate.swift */,
				78A2DD798F1884CC41D6E7D3 /* RootTabBar.swift */,
				906E96F722FBFC9E28E526F3 /* RootView.swift */,
			);
			path = Root;
			sourceTree = "<group>";
		};
		67FCE0DF1D1E5450E9D28D0F /* Share */ = {
			isa = PBXGroup;
			children = (
				9525B7262BA22F4E1FCDF228 /* PDFBuilder.swift */,
				9F99BC61424AA8DF3FF82690 /* PDFPages.swift */,
				36C1D4825AF59A035A76E125 /* SharePreview.swift */,
			);
			path = Share;
			sourceTree = "<group>";
		};
		76A6DBB1093177231474EA78 /* Storage */ = {
			isa = PBXGroup;
			children = (
				D8A910FE79E1FB0706776507 /* AppStorage.swift */,
				E3A9CA1B8E8F599E34F73A31 /* Models.swift */,
			);
			path = Storage;
			sourceTree = "<group>";
		};
		7F63D53DB19A7CB8296FED6E /* AppUITests */ = {
			isa = PBXGroup;
			children = (
				7B6694B1189E3C59A0D72E3C /* AmortizationHappyPathTests.swift */,
			);
			path = AppUITests;
			sourceTree = "<group>";
		};
		9A8184F9458692D8A148E77C /* Gallery */ = {
			isa = PBXGroup;
			children = (
				A19EB3913BF810BA0A9EA1AF /* ComponentGallery.swift */,
			);
			path = Gallery;
			sourceTree = "<group>";
		};
		A1311F5F80C7B50C24DE8F3D /* SavedScenarios */ = {
			isa = PBXGroup;
			children = (
				54DDE3329FD65E73CE3193ED /* SavedScenariosScreen.swift */,
			);
			path = SavedScenarios;
			sourceTree = "<group>";
		};
		A59B14F7E3800C137FC7DAF9 /* BorrowerPicker */ = {
			isa = PBXGroup;
			children = (
				C09B246AB365C10A2095FE57 /* BorrowerPicker.swift */,
			);
			path = BorrowerPicker;
			sourceTree = "<group>";
		};
		AA3FCE29D302172CBDBDDC2A /* Home */ = {
			isa = PBXGroup;
			children = (
				BE473E21016935AB38F78564 /* HomeScreen.swift */,
			);
			path = Home;
			sourceTree = "<group>";
		};
		B3662AB70ECB84AF00404B0D /* Fonts */ = {
			isa = PBXGroup;
			children = (
				51FF57F0219E07755F31004E /* OFL.txt */,
				34D979C5D7DE4FB6B7BCC812 /* SourceSerif4-It.ttf */,
				A5FE67D40D155466E0ABAD3A /* SourceSerif4-Regular.ttf */,
				DA26BB84D7078DF9C810A23D /* SourceSerif4-Semibold.ttf */,
				C71FF7CDA3FAB8942C679382 /* SourceSerif4-SemiboldIt.ttf */,
			);
			path = Fonts;
			sourceTree = "<group>";
		};
		BE1F4868CC46F1E5F5CF40DD /* Refinance */ = {
			isa = PBXGroup;
			children = (
				6AF3BD2AB8937E1F21365207 /* RefinanceInputs.swift */,
				9970C1F47C6727A6C8329F5F /* RefinanceScreen.swift */,
				A576ECDBA9B7DB4AF05DD3B9 /* RefinanceViewModel.swift */,
			);
			path = Refinance;
			sourceTree = "<group>";
		};
		BE63C908708FF13DF5CC57FF /* Components */ = {
			isa = PBXGroup;
			children = (
				58E0EFC7F288F0C507A7808F /* AmortizationScheduleTable.swift */,
				D0D1F3B75BEEB2A8E1AF4C00 /* AssumptionsDrawer.swift */,
				5B4A4881C0CA2B982907EC15 /* BorrowerPill.swift */,
				CB19EEDB2AFF2A92A2514534 /* BottomActionDock.swift */,
				D381BCE91A0673E2D3CBDA9E /* Buttons.swift */,
				316B29CD5F31228A3CA554FC /* CalculatorListRow.swift */,
				860BC6C292C49CFEF58A6ECF /* Card.swift */,
				AA4698C088D95213A6366BAE /* DataRow.swift */,
				E25E78DDA261CA8CE65A412D /* DatePill.swift */,
				2290990D9F81FF13366CB427 /* DTIDial.swift */,
				892FB7F7D261F926F53F6870 /* Eyebrow.swift */,
				4D1338A4AF409B28F384750A /* Fields.swift */,
				97F168CE5ADAE01630A62C44 /* FilterChip.swift */,
				7600230EF86B01E049D9B9A2 /* HairlineDivider.swift */,
				D00A91D51212853350CE39F8 /* KPITile.swift */,
				4B30BD627A6F18B0FEAA7916 /* MonoNumber.swift */,
				BE900CFC0A503024B4E41C63 /* NarrationDrawer.swift */,
				514FAC8A89F4FEEE70FAB0F7 /* OnboardingStep.swift */,
				85C5F9CAD331BD9C40D5DC0A /* RateRibbonCell.swift */,
				A69DBC7B515E3DF14C85420D /* ScenarioCard.swift */,
				D7BEADBEAC2EA40C63E71FF7 /* SegmentedControl.swift */,
				DF8B3E7E27F86F9FE22CCDC0 /* SettingsRow.swift */,
				F2E629BB721D286991CE4C26 /* StackedHorizontalBar.swift */,
				0880A10EFCCC0FE0CD4EB6D8 /* TogglePill.swift */,
				0E3B1116124B79C39B6347E8 /* Charts */,
				9A8184F9458692D8A148E77C /* Gallery */,
			);
			path = Components;
			sourceTree = "<group>";
		};
		CBCD86EF0E5E651D0CC9344A /* App */ = {
			isa = PBXGroup;
			children = (
				C0F7DDBBB3410FF824B33EF4 /* Info.plist */,
				7452F3C3AE5CE22D1C5D188D /* QuotientApp.swift */,
				BE63C908708FF13DF5CC57FF /* Components */,
				4CC582184B97A560742AD51A /* Features */,
				15E476E4C61A301BB5E2BF54 /* Resources */,
				5BD32BF0DEDA4E48B99AF36D /* Root */,
				322F93BCB9812CC38B8C8E2B /* Services */,
				76A6DBB1093177231474EA78 /* Storage */,
				D2959A32F73402F2462D27DD /* Theme */,
			);
			path = App;
			sourceTree = "<group>";
		};
		D02898E00B76F25C98CAB1F6 = {
			isa = PBXGroup;
			children = (
				CBCD86EF0E5E651D0CC9344A /* App */,
				3AE445CC4774944DABF437F7 /* AppTests */,
				7F63D53DB19A7CB8296FED6E /* AppUITests */,
				29BFD3A57E1CA1FCEA04EE6F /* Packages */,
				DA1AD1FCEC76DBBEBC677E23 /* Products */,
			);
			sourceTree = "<group>";
		};
		D2959A32F73402F2462D27DD /* Theme */ = {
			isa = PBXGroup;
			children = (
				48FCE5E97C92AFF164AD551A /* Colors.swift */,
				371105E1BFEFCBB484FEEA6F /* Motion.swift */,
				BBBA2FE384D413626DDAE1D4 /* Radius.swift */,
				B782FB7D6EF280A7AC6FD31A /* Spacing.swift */,
				B6F41CEF19131B852D33AC2C /* ThemePreview.swift */,
				5D15C026D3869F6E5AF23D67 /* Tokens.swift */,
				1F63633A474B6D374D46BAD4 /* Typography.swift */,
			);
			path = Theme;
			sourceTree = "<group>";
		};
		DA1AD1FCEC76DBBEBC677E23 /* Products */ = {
			isa = PBXGroup;
			children = (
				E9494E196F0A2E455640AF19 /* Quotient.app */,
				013EB8A3BE22C58B5BACB28C /* QuotientTests.xctest */,
				73FE59199088C97B71A9B20D /* QuotientUITests.xctest */,
			);
			name = Products;
			sourceTree = "<group>";
		};
		E0D4ECE9E62B2559D7A77ACB /* TotalCostAnalysis */ = {
			isa = PBXGroup;
			children = (
				A0C1B0601932028F30AD87A8 /* TCAInputs.swift */,
				54754A91422D9F8CB7C303A8 /* TCAScreen.swift */,
			);
			path = TotalCostAnalysis;
			sourceTree = "<group>";
		};
		E14F22006A436DA7A06470A0 /* Settings */ = {
			isa = PBXGroup;
			children = (
				6EA156A5E1309C690C0411E7 /* SettingsScreen.swift */,
			);
			path = Settings;
			sourceTree = "<group>";
		};
		F8C9200BA4F11D807230E9A5 /* Calculators */ = {
			isa = PBXGroup;
			children = (
				2B001B321FAB543828487B6D /* CalculatorNewScenarioView.swift */,
				4065CD1371E8AF3323146F68 /* Amortization */,
				FCA2F756C2EA9F6A79052554 /* HelocVsRefinance */,
				4B878BB5890B1093A8DC494D /* IncomeQualification */,
				BE1F4868CC46F1E5F5CF40DD /* Refinance */,
				E0D4ECE9E62B2559D7A77ACB /* TotalCostAnalysis */,
			);
			path = Calculators;
			sourceTree = "<group>";
		};
		FCA2F756C2EA9F6A79052554 /* HelocVsRefinance */ = {
			isa = PBXGroup;
			children = (
				D5F34AF2E2681FFA81B071FC /* HelocInputs.swift */,
				E546EE5E4455799D394A7299 /* HelocScreen.swift */,
			);
			path = HelocVsRefinance;
			sourceTree = "<group>";
		};
/* End PBXGroup section */

/* Begin PBXNativeTarget section */
		7D7C189037BCBEA23816FD27 /* QuotientTests */ = {
			isa = PBXNativeTarget;
			buildConfigurationList = 46FCE72458260EFAFEE2714A /* Build configuration list for PBXNativeTarget "QuotientTests" */;
			buildPhases = (
				259AD527B5FD01425A89B15A /* Sources */,
				A4426675A528207A32FE57C6 /* Frameworks */,
			);
			buildRules = (
			);
			dependencies = (
				5E3A026FCDC370EFBD0AE782 /* PBXTargetDependency */,
			);
			name = QuotientTests;
			packageProductDependencies = (
				90C588F1EAB9E98FE6CF8D65 /* QuotientFinance */,
			);
			productName = QuotientTests;
			productReference = 013EB8A3BE22C58B5BACB28C /* QuotientTests.xctest */;
			productType = "com.apple.product-type.bundle.unit-test";
		};
		9CDE6DFFF34DDDF7475337E5 /* Quotient */ = {
			isa = PBXNativeTarget;
			buildConfigurationList = A0FBA81A9F3A812D69409DA0 /* Build configuration list for PBXNativeTarget "Quotient" */;
			buildPhases = (
				92F0D8CA463449EEE2144CE0 /* SwiftLint */,
				AA68859BCB92001E611FA7B5 /* Sources */,
				B7A88525F06361A30787DA95 /* Resources */,
				72C24CA41DFABA1A29AB1B86 /* Frameworks */,
			);
			buildRules = (
			);
			dependencies = (
			);
			name = Quotient;
			packageProductDependencies = (
				F025FA2D597BEFBBC4A3075F /* QuotientFinance */,
				7838361CA3FDA0B06DBAF0F1 /* QuotientCompliance */,
				A1197D36724BA39F7185E2D9 /* QuotientPDF */,
				3AA26F96351EAF95C04CA8AF /* QuotientNarration */,
			);
			productName = Quotient;
			productReference = E9494E196F0A2E455640AF19 /* Quotient.app */;
			productType = "com.apple.product-type.application";
		};
		CA08B18951E60653705C64AE /* QuotientUITests */ = {
			isa = PBXNativeTarget;
			buildConfigurationList = C4AF79E2F6644968BD97AA5C /* Build configuration list for PBXNativeTarget "QuotientUITests" */;
			buildPhases = (
				04BC387731688E94F47D3635 /* Sources */,
			);
			buildRules = (
			);
			dependencies = (
				40E17BB72325AA8B547E1C30 /* PBXTargetDependency */,
			);
			name = QuotientUITests;
			packageProductDependencies = (
			);
			productName = QuotientUITests;
			productReference = 73FE59199088C97B71A9B20D /* QuotientUITests.xctest */;
			productType = "com.apple.product-type.bundle.ui-testing";
		};
/* End PBXNativeTarget section */

/* Begin PBXProject section */
		97A286E6F87AF726215BC500 /* Project object */ = {
			isa = PBXProject;
			attributes = {
				BuildIndependentTargetsInParallel = YES;
				LastUpgradeCheck = 1600;
				TargetAttributes = {
					7D7C189037BCBEA23816FD27 = {
						DevelopmentTeam = "";
					};
					9CDE6DFFF34DDDF7475337E5 = {
						DevelopmentTeam = "";
					};
					CA08B18951E60653705C64AE = {
						DevelopmentTeam = "";
						TestTargetID = 9CDE6DFFF34DDDF7475337E5;
					};
				};
			};
			buildConfigurationList = 2426F329F71B583EDD93D359 /* Build configuration list for PBXProject "Quotient" */;
			developmentRegion = en;
			hasScannedForEncodings = 0;
			knownRegions = (
				Base,
				en,
			);
			mainGroup = D02898E00B76F25C98CAB1F6;
			minimizedProjectReferenceProxies = 1;
			packageReferences = (
				2114C723EEE3240CEED9C67F /* XCLocalSwiftPackageReference "Packages/QuotientCompliance" */,
				49837F36960FA395C42CF949 /* XCLocalSwiftPackageReference "Packages/QuotientFinance" */,
				79BE1E7B96E1C402412D8E1C /* XCLocalSwiftPackageReference "Packages/QuotientNarration" */,
				083E673AD2B67477E187ED29 /* XCLocalSwiftPackageReference "Packages/QuotientPDF" */,
			);
			preferredProjectObjectVersion = 77;
			productRefGroup = DA1AD1FCEC76DBBEBC677E23 /* Products */;
			projectDirPath = "";
			projectRoot = "";
			targets = (
				9CDE6DFFF34DDDF7475337E5 /* Quotient */,
				7D7C189037BCBEA23816FD27 /* QuotientTests */,
				CA08B18951E60653705C64AE /* QuotientUITests */,
			);
		};
/* End PBXProject section */

/* Begin PBXResourcesBuildPhase section */
		B7A88525F06361A30787DA95 /* Resources */ = {
			isa = PBXResourcesBuildPhase;
			buildActionMask = 2147483647;
			files = (
				83CD1FD1421208B14BE47617 /* Assets.xcassets in Resources */,
				90AE9500B9AD21CB149A00BE /* OFL.txt in Resources */,
				232CD024A74D1E6C75737CCB /* SourceSerif4-It.ttf in Resources */,
				53748ACC96F0319723126D2D /* SourceSerif4-Regular.ttf in Resources */,
				5DFCE5E6F9F09B24C683051B /* SourceSerif4-Semibold.ttf in Resources */,
				EFAA088CA11632F5A09EDB6C /* SourceSerif4-SemiboldIt.ttf in Resources */,
			);
			runOnlyForDeploymentPostprocessing = 0;
		};
/* End PBXResourcesBuildPhase section */

/* Begin PBXShellScriptBuildPhase section */
		92F0D8CA463449EEE2144CE0 /* SwiftLint */ = {
			isa = PBXShellScriptBuildPhase;
			alwaysOutOfDate = 1;
			buildActionMask = 2147483647;
			files = (
			);
			inputFileListPaths = (
			);
			inputPaths = (
			);
			name = SwiftLint;
			outputFileListPaths = (
			);
			outputPaths = (
			);
			runOnlyForDeploymentPostprocessing = 0;
			shellPath = /bin/sh;
			shellScript = "if command -v swiftlint >/dev/null 2>&1; then\n  swiftlint --quiet --strict\nelse\n  echo \"warning: SwiftLint not installed — install via 'brew install swiftlint'\"\nfi\n";
		};
/* End PBXShellScriptBuildPhase section */

/* Begin PBXSourcesBuildPhase section */
		04BC387731688E94F47D3635 /* Sources */ = {
			isa = PBXSourcesBuildPhase;
			buildActionMask = 2147483647;
			files = (
				A7866B3C32456737C81A18A9 /* AmortizationHappyPathTests.swift in Sources */,
			);
			runOnlyForDeploymentPostprocessing = 0;
		};
		259AD527B5FD01425A89B15A /* Sources */ = {
			isa = PBXSourcesBuildPhase;
			buildActionMask = 2147483647;
			files = (
				542E16E580CE378565599400 /* AmortizationViewModelTests.swift in Sources */,
				C7D935E7A14E6E9567555273 /* SwiftDataModelTests.swift in Sources */,
			);
			runOnlyForDeploymentPostprocessing = 0;
		};
		AA68859BCB92001E611FA7B5 /* Sources */ = {
			isa = PBXSourcesBuildPhase;
			buildActionMask = 2147483647;
			files = (
				6952C5BC08066589F8F650D9 /* AmortizationBreakdownView.swift in Sources */,
				3B57B68F0D51416615F742CD /* AmortizationInputs.swift in Sources */,
				10EDA946A0BE0C6C61E70DE3 /* AmortizationInputsScreen.swift in Sources */,
				4B615F48190205AD03274239 /* AmortizationMoneyFormat.swift in Sources */,
				6C0915635C4789C21F950B40 /* AmortizationResultsScreen.swift in Sources */,
				062024066AE2E0158F765884 /* AmortizationScheduleTable.swift in Sources */,
				2DF84F1D0C3762652949C70F /* AmortizationViewModel.swift in Sources */,
				FE9011520577F40520911C05 /* AppStorage.swift in Sources */,
				3BB7062727D7CB12605ED0AD /* AppleAuth.swift in Sources */,
				20A2908E10C448E7C05495EE /* AssumptionsDrawer.swift in Sources */,
				14931A0957D625E5DE7E6AB0 /* AuthGate.swift in Sources */,
				17CF296F15E8261DA16DA014 /* BalanceOverTimeChart.swift in Sources */,
				591DF199503D955148834182 /* BorrowerPicker.swift in Sources */,
				45BDCF05270984C4D7995217 /* BorrowerPill.swift in Sources */,
				A1E124870E7BD16A19E96E0A /* BottomActionDock.swift in Sources */,
				5F13D0DDB3E187ADD7A9FB25 /* Buttons.swift in Sources */,
				C36A32A07102C0CEE341F064 /* CalculatorListRow.swift in Sources */,
				CD028AF8682D3C98BA8656EB /* CalculatorNewScenarioView.swift in Sources */,
				1920B2C218E438EDB7836498 /* Card.swift in Sources */,
				48171DBA746740E34FF70A26 /* Colors.swift in Sources */,
				FD9EA9ACC492F097CD5D7731 /* ComparisonGroupedBars.swift in Sources */,
				F6FA742417C9D80C5C72FBE9 /* ComponentGallery.swift in Sources */,
				2FD76A05179D53E89586EE6B /* CumulativeSavingsChart.swift in Sources */,
				A24D0BB2A052539D1B32309A /* DTIDial.swift in Sources */,
				BD7A57941289F8ADBA75D608 /* DataRow.swift in Sources */,
				D95165BA7394D52B7F7340E4 /* DatePill.swift in Sources */,
				E679D387C757372A59304DF6 /* Eyebrow.swift in Sources */,
				56D2D6A10F52D801FA1F8412 /* FaceIDUnlock.swift in Sources */,
				20845D217FC80E35439704CC /* Fields.swift in Sources */,
				0DF0E7CE87E8E3234206121F /* FilterChip.swift in Sources */,
				12B251F0DF98735D91CD06A4 /* HairlineDivider.swift in Sources */,
				756733C2A196FDBAF4B8600D /* HelocInputs.swift in Sources */,
				ED9A0F824482974D1EEEA77D /* HelocScreen.swift in Sources */,
				3CB99BAE66A3141FB73638D7 /* HomeScreen.swift in Sources */,
				0E4118EC0EF9990CC499B19F /* IncomeQualInputs.swift in Sources */,
				A294032B30278ED20FBCEA40 /* IncomeQualScreen.swift in Sources */,
				96E42E5B6369FD34312CCAFA /* IncomeQualViewModel.swift in Sources */,
				3CA97BE097CFB72AD1DE8982 /* KPITile.swift in Sources */,
				9FFCC1471DA6DFEE73FE8F04 /* MockRateService.swift in Sources */,
				C84F0EA0D8C40CE980C83952 /* Models.swift in Sources */,
				2E3AD6A0D7A5A8919784EF89 /* MonoNumber.swift in Sources */,
				1B0DABF95C12733B55FD1537 /* Motion.swift in Sources */,
				ADDB0E3731D1521FF71F21A7 /* NarrationDrawer.swift in Sources */,
				EEE9807C24BB93E4FC47A272 /* NarrationSheet.swift in Sources */,
				F2B37C926E6AC64733EE4355 /* OnboardingCopy.swift in Sources */,
				BAB9E144EF28CF3591DF3FF1 /* OnboardingFlow.swift in Sources */,
				2AF36786E0E1F3388E79D6C3 /* OnboardingMiniatures.swift in Sources */,
				44C767529EDBC2DC74CCFB27 /* OnboardingStep.swift in Sources */,
				A61496293FFEB9D03463EB84 /* PDFBuilder.swift in Sources */,
				A0918268CD8908003B12759A /* PDFPages.swift in Sources */,
				F9453A1760F6439E60BDEEAF /* QuotientApp.swift in Sources */,
				92B227E84BA9ADD8AEB52EF0 /* Radius.swift in Sources */,
				F9FCEC655B802C0A6CC0F7F6 /* RateRibbonCell.swift in Sources */,
				C2CD708E04D6D9C221B703AD /* RefinanceInputs.swift in Sources */,
				55F7BD17FFB694D9F98D21E7 /* RefinanceScreen.swift in Sources */,
				920C99D50AB49C9D0944D870 /* RefinanceViewModel.swift in Sources */,
				DCDFB1F53A2008A8AD147888 /* RootTabBar.swift in Sources */,
				0571C8E93B0AC3C8A61748C0 /* RootView.swift in Sources */,
				9B48F5D76ADF246FA93751A6 /* SavedScenariosScreen.swift in Sources */,
				EE69351F0C50E901FE0D939F /* ScenarioCard.swift in Sources */,
				927E89E061CFE0FC73FB276F /* SegmentedControl.swift in Sources */,
				FC1CDEE93CF9F23E35101A8E /* SettingsRow.swift in Sources */,
				6237A4C361C136D408B654F6 /* SettingsScreen.swift in Sources */,
				7BBEF51A3A1704912189BA9A /* SharePreview.swift in Sources */,
				725FB68BC501AD2B676E3CB3 /* Spacing.swift in Sources */,
				3A41B4E5CE7B4B39E65BEB86 /* StackedHorizontalBar.swift in Sources */,
				FD050D7B9C60B3DACFB37599 /* StressPathsChart.swift in Sources */,
				4AC1444161A8C85000557B16 /* TCAInputs.swift in Sources */,
				4BB892923D4BE9EA8D31D80A /* TCAScreen.swift in Sources */,
				271D935848142EA3F4346183 /* ThemePreview.swift in Sources */,
				F2C8E753B9341FA9B2FE95FA /* TogglePill.swift in Sources */,
				52F422CAE906682A21BF0FFA /* Tokens.swift in Sources */,
				308FE7B472CF4653DFC3B735 /* Typography.swift in Sources */,
			);
			runOnlyForDeploymentPostprocessing = 0;
		};
/* End PBXSourcesBuildPhase section */

/* Begin PBXTargetDependency section */
		40E17BB72325AA8B547E1C30 /* PBXTargetDependency */ = {
			isa = PBXTargetDependency;
			target = 9CDE6DFFF34DDDF7475337E5 /* Quotient */;
			targetProxy = 15BBA2CE507292A7F932C808 /* PBXContainerItemProxy */;
		};
		5E3A026FCDC370EFBD0AE782 /* PBXTargetDependency */ = {
			isa = PBXTargetDependency;
			target = 9CDE6DFFF34DDDF7475337E5 /* Quotient */;
			targetProxy = F2F8111FAC0696DF3E46B21C /* PBXContainerItemProxy */;
		};
/* End PBXTargetDependency section */

/* Begin XCBuildConfiguration section */
		00C4D9DC3393F372CF685597 /* Debug */ = {
			isa = XCBuildConfiguration;
			buildSettings = {
				BUNDLE_LOADER = "$(TEST_HOST)";
				GENERATE_INFOPLIST_FILE = YES;
				IPHONEOS_DEPLOYMENT_TARGET = 18.0;
				LD_RUNPATH_SEARCH_PATHS = (
					"$(inherited)",
					"@executable_path/Frameworks",
					"@loader_path/Frameworks",
				);
				PRODUCT_BUNDLE_IDENTIFIER = ai.perlantir.QuotientUITests;
				SDKROOT = iphoneos;
				TARGETED_DEVICE_FAMILY = "1,2";
				TEST_TARGET_NAME = Quotient;
			};
			name = Debug;
		};
		1AE82439EE785CA6E955E474 /* Release */ = {
			isa = XCBuildConfiguration;
			buildSettings = {
				ALWAYS_SEARCH_USER_PATHS = NO;
				CLANG_ANALYZER_NONNULL = YES;
				CLANG_ANALYZER_NUMBER_OBJECT_CONVERSION = YES_AGGRESSIVE;
				CLANG_CXX_LANGUAGE_STANDARD = "gnu++14";
				CLANG_CXX_LIBRARY = "libc++";
				CLANG_ENABLE_MODULES = YES;
				CLANG_ENABLE_OBJC_ARC = YES;
				CLANG_ENABLE_OBJC_WEAK = YES;
				CLANG_WARN_BLOCK_CAPTURE_AUTORELEASING = YES;
				CLANG_WARN_BOOL_CONVERSION = YES;
				CLANG_WARN_COMMA = YES;
				CLANG_WARN_CONSTANT_CONVERSION = YES;
				CLANG_WARN_DEPRECATED_OBJC_IMPLEMENTATIONS = YES;
				CLANG_WARN_DIRECT_OBJC_ISA_USAGE = YES_ERROR;
				CLANG_WARN_DOCUMENTATION_COMMENTS = YES;
				CLANG_WARN_EMPTY_BODY = YES;
				CLANG_WARN_ENUM_CONVERSION = YES;
				CLANG_WARN_INFINITE_RECURSION = YES;
				CLANG_WARN_INT_CONVERSION = YES;
				CLANG_WARN_NON_LITERAL_NULL_CONVERSION = YES;
				CLANG_WARN_OBJC_IMPLICIT_RETAIN_SELF = YES;
				CLANG_WARN_OBJC_LITERAL_CONVERSION = YES;
				CLANG_WARN_OBJC_ROOT_CLASS = YES_ERROR;
				CLANG_WARN_QUOTED_INCLUDE_IN_FRAMEWORK_HEADER = YES;
				CLANG_WARN_RANGE_LOOP_ANALYSIS = YES;
				CLANG_WARN_STRICT_PROTOTYPES = YES;
				CLANG_WARN_SUSPICIOUS_MOVE = YES;
				CLANG_WARN_UNGUARDED_AVAILABILITY = YES_AGGRESSIVE;
				CLANG_WARN_UNREACHABLE_CODE = YES;
				CLANG_WARN__DUPLICATE_METHOD_MATCH = YES;
				CODE_SIGNING_ALLOWED = NO;
				CODE_SIGN_IDENTITY = "";
				COPY_PHASE_STRIP = NO;
				DEBUG_INFORMATION_FORMAT = "dwarf-with-dsym";
				DEVELOPMENT_TEAM = "";
				ENABLE_NS_ASSERTIONS = NO;
				ENABLE_STRICT_OBJC_MSGSEND = YES;
				ENABLE_USER_SCRIPT_SANDBOXING = NO;
				GCC_C_LANGUAGE_STANDARD = gnu11;
				GCC_NO_COMMON_BLOCKS = YES;
				GCC_TREAT_WARNINGS_AS_ERRORS = YES;
				GCC_WARN_64_TO_32_BIT_CONVERSION = YES;
				GCC_WARN_ABOUT_RETURN_TYPE = YES_ERROR;
				GCC_WARN_UNDECLARED_SELECTOR = YES;
				GCC_WARN_UNINITIALIZED_AUTOS = YES_AGGRESSIVE;
				GCC_WARN_UNUSED_FUNCTION = YES;
				GCC_WARN_UNUSED_VARIABLE = YES;
				IPHONEOS_DEPLOYMENT_TARGET = 18.0;
				MTL_ENABLE_DEBUG_INFO = NO;
				MTL_FAST_MATH = YES;
				PRODUCT_NAME = "$(TARGET_NAME)";
				SDKROOT = iphoneos;
				SWIFT_COMPILATION_MODE = wholemodule;
				SWIFT_OPTIMIZATION_LEVEL = "-O";
				SWIFT_STRICT_CONCURRENCY = complete;
				SWIFT_TREAT_WARNINGS_AS_ERRORS = YES;
				SWIFT_UPCOMING_FEATURE_EXISTENTIAL_ANY = YES;
				SWIFT_VERSION = 6.0;
			};
			name = Release;
		};
		475935BBAA094652D6D077F5 /* Release */ = {
			isa = XCBuildConfiguration;
			buildSettings = {
				ASSETCATALOG_COMPILER_APPICON_NAME = AppIcon;
				ASSETCATALOG_COMPILER_GLOBAL_ACCENT_COLOR_NAME = AccentColor;
				CODE_SIGN_IDENTITY = "iPhone Developer";
				INFOPLIST_FILE = App/Info.plist;
				INFOPLIST_KEY_UIApplicationSupportsIndirectInputEvents = YES;
				IPHONEOS_DEPLOYMENT_TARGET = 18.0;
				LD_RUNPATH_SEARCH_PATHS = (
					"$(inherited)",
					"@executable_path/Frameworks",
				);
				PRODUCT_BUNDLE_IDENTIFIER = ai.perlantir.quotient;
				SDKROOT = iphoneos;
				TARGETED_DEVICE_FAMILY = "1,2";
			};
			name = Release;
		};
		986C82C033A00A2AF5AD378F /* Release */ = {
			isa = XCBuildConfiguration;
			buildSettings = {
				BUNDLE_LOADER = "$(TEST_HOST)";
				GENERATE_INFOPLIST_FILE = YES;
				IPHONEOS_DEPLOYMENT_TARGET = 18.0;
				LD_RUNPATH_SEARCH_PATHS = (
					"$(inherited)",
					"@executable_path/Frameworks",
					"@loader_path/Frameworks",
				);
				PRODUCT_BUNDLE_IDENTIFIER = ai.perlantir.QuotientUITests;
				SDKROOT = iphoneos;
				TARGETED_DEVICE_FAMILY = "1,2";
				TEST_TARGET_NAME = Quotient;
			};
			name = Release;
		};
		BBD7E403954423010AA2B1A6 /* Debug */ = {
			isa = XCBuildConfiguration;
			buildSettings = {
				BUNDLE_LOADER = "$(TEST_HOST)";
				GENERATE_INFOPLIST_FILE = YES;
				INFOPLIST_FILE = "";
				IPHONEOS_DEPLOYMENT_TARGET = 18.0;
				LD_RUNPATH_SEARCH_PATHS = (
					"$(inherited)",
					"@executable_path/Frameworks",
					"@loader_path/Frameworks",
				);
				PRODUCT_BUNDLE_IDENTIFIER = ai.perlantir.QuotientTests;
				SDKROOT = iphoneos;
				TARGETED_DEVICE_FAMILY = "1,2";
				TEST_HOST = "$(BUILT_PRODUCTS_DIR)/Quotient.app/$(BUNDLE_EXECUTABLE_FOLDER_PATH)/Quotient";
			};
			name = Debug;
		};
		E1496F0C6AB9844E61E2EA73 /* Release */ = {
			isa = XCBuildConfiguration;
			buildSettings = {
				BUNDLE_LOADER = "$(TEST_HOST)";
				GENERATE_INFOPLIST_FILE = YES;
				INFOPLIST_FILE = "";
				IPHONEOS_DEPLOYMENT_TARGET = 18.0;
				LD_RUNPATH_SEARCH_PATHS = (
					"$(inherited)",
					"@executable_path/Frameworks",
					"@loader_path/Frameworks",
				);
				PRODUCT_BUNDLE_IDENTIFIER = ai.perlantir.QuotientTests;
				SDKROOT = iphoneos;
				TARGETED_DEVICE_FAMILY = "1,2";
				TEST_HOST = "$(BUILT_PRODUCTS_DIR)/Quotient.app/$(BUNDLE_EXECUTABLE_FOLDER_PATH)/Quotient";
			};
			name = Release;
		};
		EE21544A3684ACEFAFB64F97 /* Debug */ = {
			isa = XCBuildConfiguration;
			buildSettings = {
				ALWAYS_SEARCH_USER_PATHS = NO;
				CLANG_ANALYZER_NONNULL = YES;
				CLANG_ANALYZER_NUMBER_OBJECT_CONVERSION = YES_AGGRESSIVE;
				CLANG_CXX_LANGUAGE_STANDARD = "gnu++14";
				CLANG_CXX_LIBRARY = "libc++";
				CLANG_ENABLE_MODULES = YES;
				CLANG_ENABLE_OBJC_ARC = YES;
				CLANG_ENABLE_OBJC_WEAK = YES;
				CLANG_WARN_BLOCK_CAPTURE_AUTORELEASING = YES;
				CLANG_WARN_BOOL_CONVERSION = YES;
				CLANG_WARN_COMMA = YES;
				CLANG_WARN_CONSTANT_CONVERSION = YES;
				CLANG_WARN_DEPRECATED_OBJC_IMPLEMENTATIONS = YES;
				CLANG_WARN_DIRECT_OBJC_ISA_USAGE = YES_ERROR;
				CLANG_WARN_DOCUMENTATION_COMMENTS = YES;
				CLANG_WARN_EMPTY_BODY = YES;
				CLANG_WARN_ENUM_CONVERSION = YES;
				CLANG_WARN_INFINITE_RECURSION = YES;
				CLANG_WARN_INT_CONVERSION = YES;
				CLANG_WARN_NON_LITERAL_NULL_CONVERSION = YES;
				CLANG_WARN_OBJC_IMPLICIT_RETAIN_SELF = YES;
				CLANG_WARN_OBJC_LITERAL_CONVERSION = YES;
				CLANG_WARN_OBJC_ROOT_CLASS = YES_ERROR;
				CLANG_WARN_QUOTED_INCLUDE_IN_FRAMEWORK_HEADER = YES;
				CLANG_WARN_RANGE_LOOP_ANALYSIS = YES;
				CLANG_WARN_STRICT_PROTOTYPES = YES;
				CLANG_WARN_SUSPICIOUS_MOVE = YES;
				CLANG_WARN_UNGUARDED_AVAILABILITY = YES_AGGRESSIVE;
				CLANG_WARN_UNREACHABLE_CODE = YES;
				CLANG_WARN__DUPLICATE_METHOD_MATCH = YES;
				CODE_SIGNING_ALLOWED = NO;
				CODE_SIGN_IDENTITY = "";
				COPY_PHASE_STRIP = NO;
				DEBUG_INFORMATION_FORMAT = dwarf;
				DEVELOPMENT_TEAM = "";
				ENABLE_STRICT_OBJC_MSGSEND = YES;
				ENABLE_TESTABILITY = YES;
				ENABLE_USER_SCRIPT_SANDBOXING = NO;
				GCC_C_LANGUAGE_STANDARD = gnu11;
				GCC_DYNAMIC_NO_PIC = NO;
				GCC_NO_COMMON_BLOCKS = YES;
				GCC_OPTIMIZATION_LEVEL = 0;
				GCC_PREPROCESSOR_DEFINITIONS = (
					"$(inherited)",
					"DEBUG=1",
				);
				GCC_TREAT_WARNINGS_AS_ERRORS = YES;
				GCC_WARN_64_TO_32_BIT_CONVERSION = YES;
				GCC_WARN_ABOUT_RETURN_TYPE = YES_ERROR;
				GCC_WARN_UNDECLARED_SELECTOR = YES;
				GCC_WARN_UNINITIALIZED_AUTOS = YES_AGGRESSIVE;
				GCC_WARN_UNUSED_FUNCTION = YES;
				GCC_WARN_UNUSED_VARIABLE = YES;
				IPHONEOS_DEPLOYMENT_TARGET = 18.0;
				MTL_ENABLE_DEBUG_INFO = INCLUDE_SOURCE;
				MTL_FAST_MATH = YES;
				ONLY_ACTIVE_ARCH = YES;
				PRODUCT_NAME = "$(TARGET_NAME)";
				SDKROOT = iphoneos;
				SWIFT_ACTIVE_COMPILATION_CONDITIONS = DEBUG;
				SWIFT_OPTIMIZATION_LEVEL = "-Onone";
				SWIFT_STRICT_CONCURRENCY = complete;
				SWIFT_TREAT_WARNINGS_AS_ERRORS = YES;
				SWIFT_UPCOMING_FEATURE_EXISTENTIAL_ANY = YES;
				SWIFT_VERSION = 6.0;
			};
			name = Debug;
		};
		FBBFFD8513C4B6D31381CC60 /* Debug */ = {
			isa = XCBuildConfiguration;
			buildSettings = {
				ASSETCATALOG_COMPILER_APPICON_NAME = AppIcon;
				ASSETCATALOG_COMPILER_GLOBAL_ACCENT_COLOR_NAME = AccentColor;
				CODE_SIGN_IDENTITY = "iPhone Developer";
				INFOPLIST_FILE = App/Info.plist;
				INFOPLIST_KEY_UIApplicationSupportsIndirectInputEvents = YES;
				IPHONEOS_DEPLOYMENT_TARGET = 18.0;
				LD_RUNPATH_SEARCH_PATHS = (
					"$(inherited)",
					"@executable_path/Frameworks",
				);
				PRODUCT_BUNDLE_IDENTIFIER = ai.perlantir.quotient;
				SDKROOT = iphoneos;
				TARGETED_DEVICE_FAMILY = "1,2";
			};
			name = Debug;
		};
/* End XCBuildConfiguration section */

/* Begin XCConfigurationList section */
		2426F329F71B583EDD93D359 /* Build configuration list for PBXProject "Quotient" */ = {
			isa = XCConfigurationList;
			buildConfigurations = (
				EE21544A3684ACEFAFB64F97 /* Debug */,
				1AE82439EE785CA6E955E474 /* Release */,
			);
			defaultConfigurationIsVisible = 0;
			defaultConfigurationName = Debug;
		};
		46FCE72458260EFAFEE2714A /* Build configuration list for PBXNativeTarget "QuotientTests" */ = {
			isa = XCConfigurationList;
			buildConfigurations = (
				BBD7E403954423010AA2B1A6 /* Debug */,
				E1496F0C6AB9844E61E2EA73 /* Release */,
			);
			defaultConfigurationIsVisible = 0;
			defaultConfigurationName = Debug;
		};
		A0FBA81A9F3A812D69409DA0 /* Build configuration list for PBXNativeTarget "Quotient" */ = {
			isa = XCConfigurationList;
			buildConfigurations = (
				FBBFFD8513C4B6D31381CC60 /* Debug */,
				475935BBAA094652D6D077F5 /* Release */,
			);
			defaultConfigurationIsVisible = 0;
			defaultConfigurationName = Debug;
		};
		C4AF79E2F6644968BD97AA5C /* Build configuration list for PBXNativeTarget "QuotientUITests" */ = {
			isa = XCConfigurationList;
			buildConfigurations = (
				00C4D9DC3393F372CF685597 /* Debug */,
				986C82C033A00A2AF5AD378F /* Release */,
			);
			defaultConfigurationIsVisible = 0;
			defaultConfigurationName = Debug;
		};
/* End XCConfigurationList section */

/* Begin XCLocalSwiftPackageReference section */
		083E673AD2B67477E187ED29 /* XCLocalSwiftPackageReference "Packages/QuotientPDF" */ = {
			isa = XCLocalSwiftPackageReference;
			relativePath = Packages/QuotientPDF;
		};
		2114C723EEE3240CEED9C67F /* XCLocalSwiftPackageReference "Packages/QuotientCompliance" */ = {
			isa = XCLocalSwiftPackageReference;
			relativePath = Packages/QuotientCompliance;
		};
		49837F36960FA395C42CF949 /* XCLocalSwiftPackageReference "Packages/QuotientFinance" */ = {
			isa = XCLocalSwiftPackageReference;
			relativePath = Packages/QuotientFinance;
		};
		79BE1E7B96E1C402412D8E1C /* XCLocalSwiftPackageReference "Packages/QuotientNarration" */ = {
			isa = XCLocalSwiftPackageReference;
			relativePath = Packages/QuotientNarration;
		};
/* End XCLocalSwiftPackageReference section */

/* Begin XCSwiftPackageProductDependency section */
		3AA26F96351EAF95C04CA8AF /* QuotientNarration */ = {
			isa = XCSwiftPackageProductDependency;
			productName = QuotientNarration;
		};
		7838361CA3FDA0B06DBAF0F1 /* QuotientCompliance */ = {
			isa = XCSwiftPackageProductDependency;
			productName = QuotientCompliance;
		};
		90C588F1EAB9E98FE6CF8D65 /* QuotientFinance */ = {
			isa = XCSwiftPackageProductDependency;
			productName = QuotientFinance;
		};
		A1197D36724BA39F7185E2D9 /* QuotientPDF */ = {
			isa = XCSwiftPackageProductDependency;
			productName = QuotientPDF;
		};
		F025FA2D597BEFBBC4A3075F /* QuotientFinance */ = {
			isa = XCSwiftPackageProductDependency;
			productName = QuotientFinance;
		};
/* End XCSwiftPackageProductDependency section */
	};
	rootObject = 97A286E6F87AF726215BC500 /* Project object */;
}
